
Microsoft Visual Studio Solution File, Format Version 12.00
# Visual Studio 15
VisualStudioVersion = 15.0.27428.2015
MinimumVisualStudioVersion = 10.0.40219.1
Project("{FAE04EC0-301F-11D3-BF4B-00C04F79EFBC}") = "ThreadClass", "ThreadClass\ThreadClass.csproj", "{005C00C4-6AEF-494E-9899-2448FFF0F547}"
EndProject
Project("{FAE04EC0-301F-11D3-BF4B-00C04F79EFBC}") = "ThreadPools", "ThreadPools\ThreadPools.csproj", "{D9CA2D2E-BBB6-49EF-B1DF-8FED3DBD60C4}"
EndProject
Project("{FAE04EC0-301F-11D3-BF4B-00C04F79EFBC}") = "Tasks", "Tasks\Tasks.csproj", "{3BB2F8C3-B655-4975-B22D-83868EEE626B}"
EndProject
Project("{FAE04EC0-301F-11D3-BF4B-00C04F79EFBC}") = "Parallel", "Parallel\Parallel.csproj", "{7C3F0076-9DDF-4516-80EF-58E172FF971F}"
EndProject
Project("{FAE04EC0-301F-11D3-BF4B-00C04F79EFBC}") = "AsyncAwait", "AsyncAwait\AsyncAwait.csproj", "{32F40F13-D6FF-4C68-98DA-B8FD68CECDFE}"
EndProject
Project("{FAE04EC0-301F-11D3-BF4B-00C04F79EFBC}") = "ConcurrentCollections", "ConcurrentCollections\ConcurrentCollections.csproj", "{36144F14-BCBE-4CB5-A5BB-2E3EE5C531E3}"
EndProject
Project("{FAE04EC0-301F-11D3-BF4B-00C04F79EFBC}") = "ParallelLINQ", "ParallelLINQ\ParallelLINQ.csproj", "{C1EE5505-FFAC-4A69-9A4F-B44440E8C4A1}"
EndProject
Project("{FAE04EC0-301F-11D3-BF4B-00C04F79EFBC}") = "SynchronizingResources", "SynchronizingResources\SynchronizingResources.csproj", "{A16F1CBE-5557-46C8-BCB0-C58DCE6AD910}"
EndProject
Project("{FAE04EC0-301F-11D3-BF4B-00C04F79EFBC}") = "CancellingTasks", "CancellingTasks\CancellingTasks.csproj", "{B700BB03-EF64-4E45-9319-8CEEE7D4A75A}"
EndProject
Project("{FAE04EC0-301F-11D3-BF4B-00C04F79EFBC}") = "Delegates", "Delegates\Delegates.csproj", "{AD5DDE46-4230-4E70-B739-0F30F73A11DA}"
EndProject
Global
	GlobalSection(SolutionConfigurationPlatforms) = preSolution
		Debug|Any CPU = Debug|Any CPU
		Release|Any CPU = Release|Any CPU
	EndGlobalSection
	GlobalSection(ProjectConfigurationPlatforms) = postSolution
		{005C00C4-6AEF-494E-9899-2448FFF0F547}.Debug|Any CPU.ActiveCfg = Debug|Any CPU
		{005C00C4-6AEF-494E-9899-2448FFF0F547}.Debug|Any CPU.Build.0 = Debug|Any CPU
		{005C00C4-6AEF-494E-9899-2448FFF0F547}.Release|Any CPU.ActiveCfg = Release|Any CPU
		{005C00C4-6AEF-494E-9899-2448FFF0F547}.Release|Any CPU.Build.0 = Release|Any CPU
		{D9CA2D2E-BBB6-49EF-B1DF-8FED3DBD60C4}.Debug|Any CPU.ActiveCfg = Debug|Any CPU
		{D9CA2D2E-BBB6-49EF-B1DF-8FED3DBD60C4}.Debug|Any CPU.Build.0 = Debug|Any CPU
		{D9CA2D2E-BBB6-49EF-B1DF-8FED3DBD60C4}.Release|Any CPU.ActiveCfg = Release|Any CPU
		{D9CA2D2E-BBB6-49EF-B1DF-8FED3DBD60C4}.Release|Any CPU.Build.0 = Release|Any CPU
		{3BB2F8C3-B655-4975-B22D-83868EEE626B}.Debug|Any CPU.ActiveCfg = Debug|Any CPU
		{3BB2F8C3-B655-4975-B22D-83868EEE626B}.Debug|Any CPU.Build.0 = Debug|Any CPU
		{3BB2F8C3-B655-4975-B22D-83868EEE626B}.Release|Any CPU.ActiveCfg = Release|Any CPU
		{3BB2F8C3-B655-4975-B22D-83868EEE626B}.Release|Any CPU.Build.0 = Release|Any CPU
		{7C3F0076-9DDF-4516-80EF-58E172FF971F}.Debug|Any CPU.ActiveCfg = Debug|Any CPU
		{7C3F0076-9DDF-4516-80EF-58E172FF971F}.Debug|Any CPU.Build.0 = Debug|Any CPU
		{7C3F0076-9DDF-4516-80EF-58E172FF971F}.Release|Any CPU.ActiveCfg = Release|Any CPU
		{7C3F0076-9DDF-4516-80EF-58E172FF971F}.Release|Any CPU.Build.0 = Release|Any CPU
		{32F40F13-D6FF-4C68-98DA-B8FD68CECDFE}.Debug|Any CPU.ActiveCfg = Debug|Any CPU
		{32F40F13-D6FF-4C68-98DA-B8FD68CECDFE}.Debug|Any CPU.Build.0 = Debug|Any CPU
		{32F40F13-D6FF-4C68-98DA-B8FD68CECDFE}.Release|Any CPU.ActiveCfg = Release|Any CPU
		{32F40F13-D6FF-4C68-98DA-B8FD68CECDFE}.Release|Any CPU.Build.0 = Release|Any CPU
		{36144F14-BCBE-4CB5-A5BB-2E3EE5C531E3}.Debug|Any CPU.ActiveCfg = Debug|Any CPU
		{36144F14-BCBE-4CB5-A5BB-2E3EE5C531E3}.Debug|Any CPU.Build.0 = Debug|Any CPU
		{36144F14-BCBE-4CB5-A5BB-2E3EE5C531E3}.Release|Any CPU.ActiveCfg = Release|Any CPU
		{36144F14-BCBE-4CB5-A5BB-2E3EE5C531E3}.Release|Any CPU.Build.0 = Release|Any CPU
		{C1EE5505-FFAC-4A69-9A4F-B44440E8C4A1}.Debug|Any CPU.ActiveCfg = Debug|Any CPU
		{C1EE5505-FFAC-4A69-9A4F-B44440E8C4A1}.Debug|Any CPU.Build.0 = Debug|Any CPU
		{C1EE5505-FFAC-4A69-9A4F-B44440E8C4A1}.Release|Any CPU.ActiveCfg = Release|Any CPU
		{C1EE5505-FFAC-4A69-9A4F-B44440E8C4A1}.Release|Any CPU.Build.0 = Release|Any CPU
		{A16F1CBE-5557-46C8-BCB0-C58DCE6AD910}.Debug|Any CPU.ActiveCfg = Debug|Any CPU
		{A16F1CBE-5557-46C8-BCB0-C58DCE6AD910}.Debug|Any CPU.Build.0 = Debug|Any CPU
		{A16F1CBE-5557-46C8-BCB0-C58DCE6AD910}.Release|Any CPU.ActiveCfg = Release|Any CPU
		{A16F1CBE-5557-46C8-BCB0-C58DCE6AD910}.Release|Any CPU.Build.0 = Release|Any CPU
		{B700BB03-EF64-4E45-9319-8CEEE7D4A75A}.Debug|Any CPU.ActiveCfg = Debug|Any CPU
		{B700BB03-EF64-4E45-9319-8CEEE7D4A75A}.Debug|Any CPU.Build.0 = Debug|Any CPU
		{B700BB03-EF64-4E45-9319-8CEEE7D4A75A}.Release|Any CPU.ActiveCfg = Release|Any CPU
		{B700BB03-EF64-4E45-9319-8CEEE7D4A75A}.Release|Any CPU.Build.0 = Release|Any CPU
		{AD5DDE46-4230-4E70-B739-0F30F73A11DA}.Debug|Any CPU.ActiveCfg = Debug|Any CPU
		{AD5DDE46-4230-4E70-B739-0F30F73A11DA}.Debug|Any CPU.Build.0 = Debug|Any CPU
		{AD5DDE46-4230-4E70-B739-0F30F73A11DA}.Release|Any CPU.ActiveCfg = Release|Any CPU
		{AD5DDE46-4230-4E70-B739-0F30F73A11DA}.Release|Any CPU.Build.0 = Release|Any CPU
	EndGlobalSection
	GlobalSection(SolutionProperties) = preSolution
		HideSolutionNode = FALSE
	EndGlobalSection
	GlobalSection(ExtensibilityGlobals) = postSolution
		SolutionGuid = {8E1BF1E5-FE1C-4CD7-B67E-D8C5727A931E}
	EndGlobalSection
EndGlobal
